
Microsoft Visual Studio Solution File, Format Version 12.00
# Visual Studio 2013
VisualStudioVersion = 12.0.21005.1
MinimumVisualStudioVersion = 10.0.40219.1
Project("{FAE04EC0-301F-11D3-BF4B-00C04F79EFBC}") = "QLKhachSan", "QLKhachSan\QLKhachSan.csproj", "{D3C39948-A573-4CE9-B9C9-4ACD83D78AB1}"
EndProject
Project("{FAE04EC0-301F-11D3-BF4B-00C04F79EFBC}") = "DTO", "DTO\DTO.csproj", "{F6845973-C8F3-4992-BD8E-C562C140D8EA}"
EndProject
Project("{FAE04EC0-301F-11D3-BF4B-00C04F79EFBC}") = "DAO", "DAO\DAO.csproj", "{B83F728D-53EF-426F-A0A0-067742CFA16E}"
EndProject
Project("{FAE04EC0-301F-11D3-BF4B-00C04F79EFBC}") = "BUS", "BUS\BUS.csproj", "{46D3E148-0CA2-4BB9-A2C9-10FE3135F780}"
EndProject
Global
	GlobalSection(SolutionConfigurationPlatforms) = preSolution
		Debug|Any CPU = Debug|Any CPU
		Release|Any CPU = Release|Any CPU
	EndGlobalSection
	GlobalSection(ProjectConfigurationPlatforms) = postSolution
		{D3C39948-A573-4CE9-B9C9-4ACD83D78AB1}.Debug|Any CPU.ActiveCfg = Debug|Any CPU
		{D3C39948-A573-4CE9-B9C9-4ACD83D78AB1}.Debug|Any CPU.Build.0 = Debug|Any CPU
		{D3C39948-A573-4CE9-B9C9-4ACD83D78AB1}.Release|Any CPU.ActiveCfg = Release|Any CPU
		{D3C39948-A573-4CE9-B9C9-4ACD83D78AB1}.Release|Any CPU.Build.0 = Release|Any CPU
		{F6845973-C8F3-4992-BD8E-C562C140D8EA}.Debug|Any CPU.ActiveCfg = Debug|Any CPU
		{F6845973-C8F3-4992-BD8E-C562C140D8EA}.Debug|Any CPU.Build.0 = Debug|Any CPU
		{F6845973-C8F3-4992-BD8E-C562C140D8EA}.Release|Any CPU.ActiveCfg = Release|Any CPU
		{F6845973-C8F3-4992-BD8E-C562C140D8EA}.Release|Any CPU.Build.0 = Release|Any CPU
		{B83F728D-53EF-426F-A0A0-067742CFA16E}.Debug|Any CPU.ActiveCfg = Debug|Any CPU
		{B83F728D-53EF-426F-A0A0-067742CFA16E}.Debug|Any CPU.Build.0 = Debug|Any CPU
		{B83F728D-53EF-426F-A0A0-067742CFA16E}.Release|Any CPU.ActiveCfg = Release|Any CPU
		{B83F728D-53EF-426F-A0A0-067742CFA16E}.Release|Any CPU.Build.0 = Release|Any CPU
		{46D3E148-0CA2-4BB9-A2C9-10FE3135F780}.Debug|Any CPU.ActiveCfg = Debug|Any CPU
		{46D3E148-0CA2-4BB9-A2C9-10FE3135F780}.Debug|Any CPU.Build.0 = Debug|Any CPU
		{46D3E148-0CA2-4BB9-A2C9-10FE3135F780}.Release|Any CPU.ActiveCfg = Release|Any CPU
		{46D3E148-0CA2-4BB9-A2C9-10FE3135F780}.Release|Any CPU.Build.0 = Release|Any CPU
	EndGlobalSection
	GlobalSection(SolutionProperties) = preSolution
		HideSolutionNode = FALSE
	EndGlobalSection
EndGlobal
